
Microsoft Visual Studio Solution File, Format Version 12.00
# Visual Studio 2013
VisualStudioVersion = 12.0.21005.1
MinimumVisualStudioVersion = 10.0.40219.1
Project("{FAE04EC0-301F-11D3-BF4B-00C04F79EFBC}") = "AdornmentTest", "AdornmentTest\AdornmentTest.csproj", "{9B119ECB-2346-4FE7-BB12-15FD6AACC803}"
EndProject
Project("{8BC9CEB8-8B4A-11D0-8D11-00A0C91BC942}") = "TestingProj", "TestingProj\TestingProj.vcxproj", "{520B4B3C-F15B-403B-9BDB-8325F478E9F1}"
EndProject
Project("{FAE04EC0-301F-11D3-BF4B-00C04F79EFBC}") = "Tests", "Tests\Tests.csproj", "{DF9C3D96-C211-44AA-B436-750932715BDA}"
EndProject
Global
	GlobalSection(SolutionConfigurationPlatforms) = preSolution
		Debug|Any CPU = Debug|Any CPU
		Debug|ARM = Debug|ARM
		Debug|Mixed Platforms = Debug|Mixed Platforms
		Debug|Win32 = Debug|Win32
		Debug|x64 = Debug|x64
		Debug|x86 = Debug|x86
		Release|Any CPU = Release|Any CPU
		Release|ARM = Release|ARM
		Release|Mixed Platforms = Release|Mixed Platforms
		Release|Win32 = Release|Win32
		Release|x64 = Release|x64
		Release|x86 = Release|x86
	EndGlobalSection
	GlobalSection(ProjectConfigurationPlatforms) = postSolution
		{9B119ECB-2346-4FE7-BB12-15FD6AACC803}.Debug|Any CPU.ActiveCfg = Debug|Any CPU
		{9B119ECB-2346-4FE7-BB12-15FD6AACC803}.Debug|Any CPU.Build.0 = Debug|Any CPU
		{9B119ECB-2346-4FE7-BB12-15FD6AACC803}.Debug|ARM.ActiveCfg = Debug|Any CPU
		{9B119ECB-2346-4FE7-BB12-15FD6AACC803}.Debug|Mixed Platforms.ActiveCfg = Debug|Any CPU
		{9B119ECB-2346-4FE7-BB12-15FD6AACC803}.Debug|Mixed Platforms.Build.0 = Debug|Any CPU
		{9B119ECB-2346-4FE7-BB12-15FD6AACC803}.Debug|Win32.ActiveCfg = Debug|Any CPU
		{9B119ECB-2346-4FE7-BB12-15FD6AACC803}.Debug|x64.ActiveCfg = Debug|Any CPU
		{9B119ECB-2346-4FE7-BB12-15FD6AACC803}.Debug|x86.ActiveCfg = Debug|Any CPU
		{9B119ECB-2346-4FE7-BB12-15FD6AACC803}.Release|Any CPU.ActiveCfg = Release|Any CPU
		{9B119ECB-2346-4FE7-BB12-15FD6AACC803}.Release|Any CPU.Build.0 = Release|Any CPU
		{9B119ECB-2346-4FE7-BB12-15FD6AACC803}.Release|ARM.ActiveCfg = Release|Any CPU
		{9B119ECB-2346-4FE7-BB12-15FD6AACC803}.Release|Mixed Platforms.ActiveCfg = Release|Any CPU
		{9B119ECB-2346-4FE7-BB12-15FD6AACC803}.Release|Mixed Platforms.Build.0 = Release|Any CPU
		{9B119ECB-2346-4FE7-BB12-15FD6AACC803}.Release|Win32.ActiveCfg = Release|Any CPU
		{9B119ECB-2346-4FE7-BB12-15FD6AACC803}.Release|x64.ActiveCfg = Release|Any CPU
		{9B119ECB-2346-4FE7-BB12-15FD6AACC803}.Release|x86.ActiveCfg = Release|Any CPU
		{520B4B3C-F15B-403B-9BDB-8325F478E9F1}.Debug|Any CPU.ActiveCfg = Debug|Win32
		{520B4B3C-F15B-403B-9BDB-8325F478E9F1}.Debug|ARM.ActiveCfg = Debug|Win32
		{520B4B3C-F15B-403B-9BDB-8325F478E9F1}.Debug|Mixed Platforms.ActiveCfg = Debug|Win32
		{520B4B3C-F15B-403B-9BDB-8325F478E9F1}.Debug|Mixed Platforms.Build.0 = Debug|Win32
		{520B4B3C-F15B-403B-9BDB-8325F478E9F1}.Debug|Win32.ActiveCfg = Debug|Win32
		{520B4B3C-F15B-403B-9BDB-8325F478E9F1}.Debug|Win32.Build.0 = Debug|Win32
		{520B4B3C-F15B-403B-9BDB-8325F478E9F1}.Debug|x64.ActiveCfg = Debug|Win32
		{520B4B3C-F15B-403B-9BDB-8325F478E9F1}.Debug|x86.ActiveCfg = Debug|Win32
		{520B4B3C-F15B-403B-9BDB-8325F478E9F1}.Debug|x86.Build.0 = Debug|Win32
		{520B4B3C-F15B-403B-9BDB-8325F478E9F1}.Release|Any CPU.ActiveCfg = Release|Win32
		{520B4B3C-F15B-403B-9BDB-8325F478E9F1}.Release|ARM.ActiveCfg = Release|Win32
		{520B4B3C-F15B-403B-9BDB-8325F478E9F1}.Release|Mixed Platforms.ActiveCfg = Release|Win32
		{520B4B3C-F15B-403B-9BDB-8325F478E9F1}.Release|Mixed Platforms.Build.0 = Release|Win32
		{520B4B3C-F15B-403B-9BDB-8325F478E9F1}.Release|Win32.ActiveCfg = Release|Win32
		{520B4B3C-F15B-403B-9BDB-8325F478E9F1}.Release|Win32.Build.0 = Release|Win32
		{520B4B3C-F15B-403B-9BDB-8325F478E9F1}.Release|x64.ActiveCfg = Release|Win32
		{520B4B3C-F15B-403B-9BDB-8325F478E9F1}.Release|x86.ActiveCfg = Release|Win32
		{520B4B3C-F15B-403B-9BDB-8325F478E9F1}.Release|x86.Build.0 = Release|Win32
		{DF9C3D96-C211-44AA-B436-750932715BDA}.Debug|Any CPU.ActiveCfg = Debug|Any CPU
		{DF9C3D96-C211-44AA-B436-750932715BDA}.Debug|Any CPU.Build.0 = Debug|Any CPU
		{DF9C3D96-C211-44AA-B436-750932715BDA}.Debug|ARM.ActiveCfg = Debug|Any CPU
		{DF9C3D96-C211-44AA-B436-750932715BDA}.Debug|Mixed Platforms.ActiveCfg = Debug|Any CPU
		{DF9C3D96-C211-44AA-B436-750932715BDA}.Debug|Mixed Platforms.Build.0 = Debug|Any CPU
		{DF9C3D96-C211-44AA-B436-750932715BDA}.Debug|Win32.ActiveCfg = Debug|Any CPU
		{DF9C3D96-C211-44AA-B436-750932715BDA}.Debug|x64.ActiveCfg = Debug|Any CPU
		{DF9C3D96-C211-44AA-B436-750932715BDA}.Debug|x86.ActiveCfg = Debug|Any CPU
		{DF9C3D96-C211-44AA-B436-750932715BDA}.Release|Any CPU.ActiveCfg = Release|Any CPU
		{DF9C3D96-C211-44AA-B436-750932715BDA}.Release|Any CPU.Build.0 = Release|Any CPU
		{DF9C3D96-C211-44AA-B436-750932715BDA}.Release|ARM.ActiveCfg = Release|Any CPU
		{DF9C3D96-C211-44AA-B436-750932715BDA}.Release|Mixed Platforms.ActiveCfg = Release|Any CPU
		{DF9C3D96-C211-44AA-B436-750932715BDA}.Release|Mixed Platforms.Build.0 = Release|Any CPU
		{DF9C3D96-C211-44AA-B436-750932715BDA}.Release|Win32.ActiveCfg = Release|Any CPU
		{DF9C3D96-C211-44AA-B436-750932715BDA}.Release|x64.ActiveCfg = Release|Any CPU
		{DF9C3D96-C211-44AA-B436-750932715BDA}.Release|x86.ActiveCfg = Release|Any CPU
	EndGlobalSection
	GlobalSection(SolutionProperties) = preSolution
		HideSolutionNode = FALSE
	EndGlobalSection
EndGlobal
